{
  "name": "npm-metadata-real",
  "version": "1.0.0",
  "lockfileVersion": 3,
  "requires": true,
  "packages": {
    "": {
      "name": "npm-metadata-real",
      "version": "1.0.0",
      "dependencies": {
        "@types/lodash": "4.17.12",
        "@types/lodash-es": "4.17.12"
      }
    },
    "node_modules/@types/lodash": {
      "version": "4.17.12",
      "resolved": "https://registry.npmjs.org/@types/lodash/-/lodash-4.17.12.tgz",
      "integrity": "sha512-sviUmCE8AYdaF/KIHLDJBQgeYzPBI0vf/17NaYehBJfYD1j6/L95Slh07NlyK2iNyBNaEkb3En2jRt+a8y3xZQ==",
      "license": "MIT"
    },
    "node_modules/@types/lodash-es": {
      "version": "4.17.12",
      "resolved": "https://registry.npmjs.org/@types/lodash-es/-/lodash-es-4.17.12.tgz",
      "integrity": "sha512-0NgftHUcV4v34VhXm8QBSftKVXtbkBG3ViCjs6+eJ5a6y6Mi/jiFGPc1sC7QK+9BFhWrURE3EOggmWaSxL9OzQ==",
      "license": "MIT",
      "dependencies": {
        "@types/lodash": "*"
      }
    }
  }
}
