{
  "name": "npm-compat-dependency-selection",
  "version": "1.0.0",
  "lockfileVersion": 3,
  "requires": true,
  "packages": {
    "": {
      "name": "npm-compat-dependency-selection",
      "version": "1.0.0",
      "dependencies": {
        "fixture-required": "file:packages/fixture-required"
      },
      "devDependencies": {
        "fixture-dev": "file:packages/fixture-dev"
      },
      "optionalDependencies": {
        "fixture-optional": "file:packages/fixture-optional"
      }
    },
    "node_modules/fixture-dev": {
      "version": "1.0.0",
      "resolved": "file:packages/fixture-dev",
      "dev": true
    },
    "node_modules/fixture-optional": {
      "version": "1.0.0",
      "resolved": "file:packages/fixture-optional",
      "optional": true
    },
    "node_modules/fixture-required": {
      "version": "1.0.0",
      "resolved": "file:packages/fixture-required"
    }
  }
}
