{
  "name": "npm-compat-local-install",
  "version": "1.0.0",
  "lockfileVersion": 3,
  "requires": true,
  "packages": {
    "": {
      "name": "npm-compat-local-install",
      "version": "1.0.0",
      "dependencies": {
        "fixture-commonjs-dependency": "file:packages/fixture-commonjs-dependency",
        "fixture-dual-dependency": "file:packages/fixture-dual-dependency",
        "fixture-dependency": "file:packages/fixture-dependency"
      }
    },
    "node_modules/fixture-commonjs-dependency": {
      "version": "1.0.0",
      "resolved": "file:packages/fixture-commonjs-dependency"
    },
    "node_modules/fixture-dependency": {
      "version": "1.0.0",
      "resolved": "file:packages/fixture-dependency",
      "hasInstallScript": true,
      "bin": {
        "fixture-bin": "bin/fixture-bin.cjs"
      }
    },
    "node_modules/fixture-dual-dependency": {
      "version": "1.0.0",
      "resolved": "file:packages/fixture-dual-dependency"
    }
  }
}
